
Microsoft Visual Studio Solution File, Format Version 12.00
# Visual Studio Version 17
VisualStudioVersion = 17.7.34024.191
MinimumVisualStudioVersion = 10.0.40219.1
Project("{FAE04EC0-301F-11D3-BF4B-00C04F79EFBC}") = "HomeworkPrac", "HomeworkPrac\HomeworkPrac.csproj", "{A0F99EE8-988F-4BD7-BD91-7073FDAF975F}"
EndProject
Global
	GlobalSection(SolutionConfigurationPlatforms) = preSolution
		Debug|Any CPU = Debug|Any CPU
		Release|Any CPU = Release|Any CPU
	EndGlobalSection
	GlobalSection(ProjectConfigurationPlatforms) = postSolution
		{A0F99EE8-988F-4BD7-BD91-7073FDAF975F}.Debug|Any CPU.ActiveCfg = Debug|Any CPU
		{A0F99EE8-988F-4BD7-BD91-7073FDAF975F}.Debug|Any CPU.Build.0 = Debug|Any CPU
		{A0F99EE8-988F-4BD7-BD91-7073FDAF975F}.Release|Any CPU.ActiveCfg = Release|Any CPU
		{A0F99EE8-988F-4BD7-BD91-7073FDAF975F}.Release|Any CPU.Build.0 = Release|Any CPU
	EndGlobalSection
	GlobalSection(SolutionProperties) = preSolution
		HideSolutionNode = FALSE
	EndGlobalSection
	GlobalSection(ExtensibilityGlobals) = postSolution
		SolutionGuid = {61658B5D-96DA-4740-BFAA-94CF595AE183}
	EndGlobalSection
EndGlobal
